{
  "name": "validate-commit-message",
  "version": "3.2.0",
  "lockfileVersion": 1,
  "requires": true,
  "dependencies": {
    "bluebird": {
      "version": "2.11.0",
      "resolved": "https://registry.npmjs.org/bluebird/-/bluebird-2.11.0.tgz",
      "integrity": "sha1-U0uQM8AiyVecVro7Plpcqvu2UOE=",
      "dev": true
    },
    "cli-changelog": {
      "version": "2.1.0",
      "resolved": "https://registry.npmjs.org/cli-changelog/-/cli-changelog-2.1.0.tgz",
      "integrity": "sha1-JyW0jG0oBIwxQSNgeRcBm3WPzl8=",
      "dev": true,
      "requires": {
        "bluebird": "^2.9.34",
        "validator": "^4.0.5"
      }
    },
    "cli-release": {
      "version": "1.0.4",
      "resolved": "https://registry.npmjs.org/cli-release/-/cli-release-1.0.4.tgz",
      "integrity": "sha1-mdt2UpDx7tSGLRQP2Jvgan6QPUA=",
      "dev": true,
      "requires": {
        "cli-changelog": "2.1.0",
        "shelljs": "0.5.3"
      }
    },
    "depd": {
      "version": "1.1.0",
      "resolved": "https://registry.npmjs.org/depd/-/depd-1.1.0.tgz",
      "integrity": "sha1-4b2Cxqq2ztlluXuIsX7T5SjKGMM=",
      "dev": true
    },
    "shelljs": {
      "version": "0.5.3",
      "resolved": "https://registry.npmjs.org/shelljs/-/shelljs-0.5.3.tgz",
      "integrity": "sha1-xUmCuZbHbvDB5rWfvcWCX1txMRM=",
      "dev": true
    },
    "validator": {
      "version": "4.9.0",
      "resolved": "https://registry.npmjs.org/validator/-/validator-4.9.0.tgz",
      "integrity": "sha1-CC/84qdhSP8HqOienCukOq8S7Ew=",
      "dev": true,
      "requires": {
        "depd": "1.1.0"
      }
    }
  }
}
